
Microsoft Visual Studio Solution File, Format Version 12.00
# Visual Studio Version 17
VisualStudioVersion = 17.0.31903.59
MinimumVisualStudioVersion = 10.0.40219.1
Project("{8BC9CEB8-8B4A-11D0-8D11-00A0C91BC942}") = "test_2022_05_21", "test_2022_05_21.vcxproj", "{11A0D074-B978-4550-89DA-5F97B2B6E59C}"
EndProject
Global
	GlobalSection(SolutionConfigurationPlatforms) = preSolution
		Debug|x64 = Debug|x64
		Debug|x86 = Debug|x86
		Release|x64 = Release|x64
		Release|x86 = Release|x86
	EndGlobalSection
	GlobalSection(ProjectConfigurationPlatforms) = postSolution
		{11A0D074-B978-4550-89DA-5F97B2B6E59C}.Debug|x64.ActiveCfg = Debug|x64
		{11A0D074-B978-4550-89DA-5F97B2B6E59C}.Debug|x64.Build.0 = Debug|x64
		{11A0D074-B978-4550-89DA-5F97B2B6E59C}.Debug|x86.ActiveCfg = Debug|Win32
		{11A0D074-B978-4550-89DA-5F97B2B6E59C}.Debug|x86.Build.0 = Debug|Win32
		{11A0D074-B978-4550-89DA-5F97B2B6E59C}.Release|x64.ActiveCfg = Release|x64
		{11A0D074-B978-4550-89DA-5F97B2B6E59C}.Release|x64.Build.0 = Release|x64
		{11A0D074-B978-4550-89DA-5F97B2B6E59C}.Release|x86.ActiveCfg = Release|Win32
		{11A0D074-B978-4550-89DA-5F97B2B6E59C}.Release|x86.Build.0 = Release|Win32
	EndGlobalSection
	GlobalSection(SolutionProperties) = preSolution
		HideSolutionNode = FALSE
	EndGlobalSection
	GlobalSection(ExtensibilityGlobals) = postSolution
		SolutionGuid = {43D3464D-DD49-4405-80E7-3E201ADB91B1}
	EndGlobalSection
EndGlobal
