
Microsoft Visual Studio Solution File, Format Version 12.00
# Visual Studio Version 17
VisualStudioVersion = 17.0.31903.59
MinimumVisualStudioVersion = 10.0.40219.1
Project("{8BC9CEB8-8B4A-11D0-8D11-00A0C91BC942}") = "test_2022_02_18", "test_2022_02_18.vcxproj", "{053DE88D-6DBE-497A-AECA-C1A8865A1F5F}"
EndProject
Global
	GlobalSection(SolutionConfigurationPlatforms) = preSolution
		Debug|x64 = Debug|x64
		Debug|x86 = Debug|x86
		Release|x64 = Release|x64
		Release|x86 = Release|x86
	EndGlobalSection
	GlobalSection(ProjectConfigurationPlatforms) = postSolution
		{053DE88D-6DBE-497A-AECA-C1A8865A1F5F}.Debug|x64.ActiveCfg = Debug|x64
		{053DE88D-6DBE-497A-AECA-C1A8865A1F5F}.Debug|x64.Build.0 = Debug|x64
		{053DE88D-6DBE-497A-AECA-C1A8865A1F5F}.Debug|x86.ActiveCfg = Debug|Win32
		{053DE88D-6DBE-497A-AECA-C1A8865A1F5F}.Debug|x86.Build.0 = Debug|Win32
		{053DE88D-6DBE-497A-AECA-C1A8865A1F5F}.Release|x64.ActiveCfg = Release|x64
		{053DE88D-6DBE-497A-AECA-C1A8865A1F5F}.Release|x64.Build.0 = Release|x64
		{053DE88D-6DBE-497A-AECA-C1A8865A1F5F}.Release|x86.ActiveCfg = Release|Win32
		{053DE88D-6DBE-497A-AECA-C1A8865A1F5F}.Release|x86.Build.0 = Release|Win32
	EndGlobalSection
	GlobalSection(SolutionProperties) = preSolution
		HideSolutionNode = FALSE
	EndGlobalSection
	GlobalSection(ExtensibilityGlobals) = postSolution
		SolutionGuid = {CC83EA6C-A5C1-4027-A05F-4DDC3404FF0E}
	EndGlobalSection
EndGlobal
