
Microsoft Visual Studio Solution File, Format Version 12.00
# Visual Studio Version 17
VisualStudioVersion = 17.0.31903.59
MinimumVisualStudioVersion = 10.0.40219.1
Project("{8BC9CEB8-8B4A-11D0-8D11-00A0C91BC942}") = "test_2022_01_22", "test_2022_01_22.vcxproj", "{E7A45A6D-DC98-477C-AA27-B0C85D834258}"
EndProject
Global
	GlobalSection(SolutionConfigurationPlatforms) = preSolution
		Debug|x64 = Debug|x64
		Debug|x86 = Debug|x86
		Release|x64 = Release|x64
		Release|x86 = Release|x86
	EndGlobalSection
	GlobalSection(ProjectConfigurationPlatforms) = postSolution
		{E7A45A6D-DC98-477C-AA27-B0C85D834258}.Debug|x64.ActiveCfg = Debug|x64
		{E7A45A6D-DC98-477C-AA27-B0C85D834258}.Debug|x64.Build.0 = Debug|x64
		{E7A45A6D-DC98-477C-AA27-B0C85D834258}.Debug|x86.ActiveCfg = Debug|Win32
		{E7A45A6D-DC98-477C-AA27-B0C85D834258}.Debug|x86.Build.0 = Debug|Win32
		{E7A45A6D-DC98-477C-AA27-B0C85D834258}.Release|x64.ActiveCfg = Release|x64
		{E7A45A6D-DC98-477C-AA27-B0C85D834258}.Release|x64.Build.0 = Release|x64
		{E7A45A6D-DC98-477C-AA27-B0C85D834258}.Release|x86.ActiveCfg = Release|Win32
		{E7A45A6D-DC98-477C-AA27-B0C85D834258}.Release|x86.Build.0 = Release|Win32
	EndGlobalSection
	GlobalSection(SolutionProperties) = preSolution
		HideSolutionNode = FALSE
	EndGlobalSection
	GlobalSection(ExtensibilityGlobals) = postSolution
		SolutionGuid = {C5D8DED5-8440-4965-BA8B-4766D7E9B907}
	EndGlobalSection
EndGlobal
